
Microsoft Visual Studio Solution File, Format Version 12.00
# Visual Studio Version 17
VisualStudioVersion = 17.11.35312.102
MinimumVisualStudioVersion = 10.0.40219.1
Project("{8BC9CEB8-8B4A-11D0-8D11-00A0C91BC942}") = "AttestMatrix(A)", "AttestMatrix(A)\AttestMatrix(A).vcxproj", "{5CEF08DA-0A70-438D-BCB4-B8E8726693A2}"
EndProject
Global
	GlobalSection(SolutionConfigurationPlatforms) = preSolution
		Debug|x64 = Debug|x64
		Debug|x86 = Debug|x86
		Release|x64 = Release|x64
		Release|x86 = Release|x86
	EndGlobalSection
	GlobalSection(ProjectConfigurationPlatforms) = postSolution
		{5CEF08DA-0A70-438D-BCB4-B8E8726693A2}.Debug|x64.ActiveCfg = Debug|x64
		{5CEF08DA-0A70-438D-BCB4-B8E8726693A2}.Debug|x64.Build.0 = Debug|x64
		{5CEF08DA-0A70-438D-BCB4-B8E8726693A2}.Debug|x86.ActiveCfg = Debug|Win32
		{5CEF08DA-0A70-438D-BCB4-B8E8726693A2}.Debug|x86.Build.0 = Debug|Win32
		{5CEF08DA-0A70-438D-BCB4-B8E8726693A2}.Release|x64.ActiveCfg = Release|x64
		{5CEF08DA-0A70-438D-BCB4-B8E8726693A2}.Release|x64.Build.0 = Release|x64
		{5CEF08DA-0A70-438D-BCB4-B8E8726693A2}.Release|x86.ActiveCfg = Release|Win32
		{5CEF08DA-0A70-438D-BCB4-B8E8726693A2}.Release|x86.Build.0 = Release|Win32
	EndGlobalSection
	GlobalSection(SolutionProperties) = preSolution
		HideSolutionNode = FALSE
	EndGlobalSection
	GlobalSection(ExtensibilityGlobals) = postSolution
		SolutionGuid = {A7030182-EC7A-407C-92A2-97A92369774C}
	EndGlobalSection
EndGlobal
